{
  "name": "phone-compare",
  "version": "1.0.0",
  "lockfileVersion": 1,
  "requires": true,
  "dependencies": {
    "jb-react": {
      "version": "0.4.19",
      "resolved": "https://registry.npmjs.org/jb-react/-/jb-react-0.4.19.tgz",
      "integrity": "sha512-FKcNDGni9GCRv503YmSXHQpH8VJAQCg+wX9SifiPx9nBaU0SaM72iBwDkCmcS/VSD4jYfbMosc8U0tzyy5T2sA==",
      "requires": {
        "node-fetch": "^2.6.0"
      }
    },
    "node-fetch": {
      "version": "2.6.0",
      "resolved": "https://registry.npmjs.org/node-fetch/-/node-fetch-2.6.0.tgz",
      "integrity": "sha512-8dG4H5ujfvFiqDmVu9fQ5bOHUC15JMjMY/Zumv26oOvvVJjM67KF8koCWIabKQ1GJIa9r2mMZscBq/TbdOcmNA=="
    }
  }
}
