{
  "name": "phone-compare",
  "version": "1.0.0",
  "lockfileVersion": 1,
  "requires": true,
  "dependencies": {
    "jb-react": {
      "version": "0.4.18",
      "resolved": "https://registry.npmjs.org/jb-react/-/jb-react-0.4.18.tgz",
      "integrity": "sha512-srH56E1rm0bPPO46jWr6Y8odQ60RbiS8467Ga5e6E4ERUp5hT0jCR/MVxiGUMOIPfKutcPSzEdI/4T6tuPa4sg==",
      "requires": {
        "node-fetch": "^2.6.0"
      }
    },
    "node-fetch": {
      "version": "2.6.0",
      "resolved": "https://registry.npmjs.org/node-fetch/-/node-fetch-2.6.0.tgz",
      "integrity": "sha512-8dG4H5ujfvFiqDmVu9fQ5bOHUC15JMjMY/Zumv26oOvvVJjM67KF8koCWIabKQ1GJIa9r2mMZscBq/TbdOcmNA=="
    }
  }
}
